{
  "name": "metacall-node-cpp-example",
  "version": "1.0.0",
  "lockfileVersion": 3,
  "requires": true,
  "packages": {
    "": {
      "name": "metacall-node-cpp-example",
      "version": "1.0.0",
      "license": "Apache-2.0",
      "dependencies": {
        "metacall": "^0.5.1"
      }
    },
    "node_modules/metacall": {
      "version": "0.5.1",
      "resolved": "https://registry.npmjs.org/metacall/-/metacall-0.5.1.tgz",
      "integrity": "sha512-UTPk7rBq6b4PZ7gTbWLYs1ZCopVw5DUK6x0IWPNVUKgBVYdATT3f6akIZO3dRA2OO+tSTwqZ+0+RT3tdELOpuQ=="
    }
  }
}
